
Microsoft Visual Studio Solution File, Format Version 12.00
# Visual Studio Version 17
VisualStudioVersion = 17.6.33815.320
MinimumVisualStudioVersion = 10.0.40219.1
Project("{FAE04EC0-301F-11D3-BF4B-00C04F79EFBC}") = "UDS.Net.Web.MVC", "UDS.Net.Web.MVC\UDS.Net.Web.MVC.csproj", "{99F6A944-AD72-42F0-BBB1-887449A2C8E1}"
EndProject
Project("{FAE04EC0-301F-11D3-BF4B-00C04F79EFBC}") = "UDS.Net.Forms", "UDS.Net.Forms\UDS.Net.Forms.csproj", "{A1A16BC1-B30D-41DE-AD48-471EC278B8C7}"
EndProject
Project("{FAE04EC0-301F-11D3-BF4B-00C04F79EFBC}") = "UDS.Net.Services", "UDS.Net.Services\UDS.Net.Services.csproj", "{2859D284-F0ED-47CE-9B1D-70DE32451D6D}"
EndProject
Project("{FAE04EC0-301F-11D3-BF4B-00C04F79EFBC}") = "UDS.Net.Forms.Tests", "UDS.Net.Forms.Tests\UDS.Net.Forms.Tests.csproj", "{B1AC7F77-4264-441E-A8C2-847ADFCF8BCF}"
EndProject
Project("{FAE04EC0-301F-11D3-BF4B-00C04F79EFBC}") = "UDS.Net.Web.MVC.Services", "UDS.Net.Web.MVC.Services\UDS.Net.Web.MVC.Services.csproj", "{5B18B13C-475D-4F58-947B-A80F49CF3F7C}"
EndProject
Project("{FAE04EC0-301F-11D3-BF4B-00C04F79EFBC}") = "UDS.Net.Services.Test", "UDS.Net.Services.Test\UDS.Net.Services.Test.csproj", "{332BFB18-1431-4572-BE96-757D0221FBCE}"
EndProject
Project("{9344BDBB-3E7F-41FC-A0DD-8665D75EE146}") = "docker-compose", "docker-compose.dcproj", "{4B98485B-9E58-4613-AF6A-186FC4B4D7F6}"
EndProject
Global
	GlobalSection(SolutionConfigurationPlatforms) = preSolution
		Debug|Any CPU = Debug|Any CPU
		Release|Any CPU = Release|Any CPU
	EndGlobalSection
	GlobalSection(ProjectConfigurationPlatforms) = postSolution
		{99F6A944-AD72-42F0-BBB1-887449A2C8E1}.Debug|Any CPU.ActiveCfg = Debug|Any CPU
		{99F6A944-AD72-42F0-BBB1-887449A2C8E1}.Debug|Any CPU.Build.0 = Debug|Any CPU
		{99F6A944-AD72-42F0-BBB1-887449A2C8E1}.Release|Any CPU.ActiveCfg = Release|Any CPU
		{99F6A944-AD72-42F0-BBB1-887449A2C8E1}.Release|Any CPU.Build.0 = Release|Any CPU
		{A1A16BC1-B30D-41DE-AD48-471EC278B8C7}.Debug|Any CPU.ActiveCfg = Debug|Any CPU
		{A1A16BC1-B30D-41DE-AD48-471EC278B8C7}.Debug|Any CPU.Build.0 = Debug|Any CPU
		{A1A16BC1-B30D-41DE-AD48-471EC278B8C7}.Release|Any CPU.ActiveCfg = Release|Any CPU
		{A1A16BC1-B30D-41DE-AD48-471EC278B8C7}.Release|Any CPU.Build.0 = Release|Any CPU
		{2859D284-F0ED-47CE-9B1D-70DE32451D6D}.Debug|Any CPU.ActiveCfg = Debug|Any CPU
		{2859D284-F0ED-47CE-9B1D-70DE32451D6D}.Debug|Any CPU.Build.0 = Debug|Any CPU
		{2859D284-F0ED-47CE-9B1D-70DE32451D6D}.Release|Any CPU.ActiveCfg = Release|Any CPU
		{2859D284-F0ED-47CE-9B1D-70DE32451D6D}.Release|Any CPU.Build.0 = Release|Any CPU
		{B1AC7F77-4264-441E-A8C2-847ADFCF8BCF}.Debug|Any CPU.ActiveCfg = Debug|Any CPU
		{B1AC7F77-4264-441E-A8C2-847ADFCF8BCF}.Debug|Any CPU.Build.0 = Debug|Any CPU
		{B1AC7F77-4264-441E-A8C2-847ADFCF8BCF}.Release|Any CPU.ActiveCfg = Release|Any CPU
		{B1AC7F77-4264-441E-A8C2-847ADFCF8BCF}.Release|Any CPU.Build.0 = Release|Any CPU
		{5B18B13C-475D-4F58-947B-A80F49CF3F7C}.Debug|Any CPU.ActiveCfg = Debug|Any CPU
		{5B18B13C-475D-4F58-947B-A80F49CF3F7C}.Debug|Any CPU.Build.0 = Debug|Any CPU
		{5B18B13C-475D-4F58-947B-A80F49CF3F7C}.Release|Any CPU.ActiveCfg = Release|Any CPU
		{5B18B13C-475D-4F58-947B-A80F49CF3F7C}.Release|Any CPU.Build.0 = Release|Any CPU
		{332BFB18-1431-4572-BE96-757D0221FBCE}.Debug|Any CPU.ActiveCfg = Debug|Any CPU
		{332BFB18-1431-4572-BE96-757D0221FBCE}.Debug|Any CPU.Build.0 = Debug|Any CPU
		{332BFB18-1431-4572-BE96-757D0221FBCE}.Release|Any CPU.ActiveCfg = Release|Any CPU
		{332BFB18-1431-4572-BE96-757D0221FBCE}.Release|Any CPU.Build.0 = Release|Any CPU
		{4B98485B-9E58-4613-AF6A-186FC4B4D7F6}.Debug|Any CPU.ActiveCfg = Debug|Any CPU
		{4B98485B-9E58-4613-AF6A-186FC4B4D7F6}.Debug|Any CPU.Build.0 = Debug|Any CPU
		{4B98485B-9E58-4613-AF6A-186FC4B4D7F6}.Release|Any CPU.ActiveCfg = Release|Any CPU
		{4B98485B-9E58-4613-AF6A-186FC4B4D7F6}.Release|Any CPU.Build.0 = Release|Any CPU
	EndGlobalSection
	GlobalSection(SolutionProperties) = preSolution
		HideSolutionNode = FALSE
	EndGlobalSection
	GlobalSection(ExtensibilityGlobals) = postSolution
		SolutionGuid = {3268D734-1592-4E39-88A2-3A53468CC430}
	EndGlobalSection
	GlobalSection(MonoDevelopProperties) = preSolution
		version = 6.0.0
	EndGlobalSection
EndGlobal
